
Microsoft Visual Studio Solution File, Format Version 12.00
# Visual Studio Version 17
VisualStudioVersion = 17.11.35222.181
MinimumVisualStudioVersion = 10.0.40219.1
Project("{9A19103F-16F7-4668-BE54-9A1E7A4F7556}") = "Byte.TalentScout.API", "Byte.TalentScout.API\Byte.TalentScout.API.csproj", "{0A68DDF4-1F04-48C8-B47E-ECE9CACDD17C}"
EndProject
Project("{9A19103F-16F7-4668-BE54-9A1E7A4F7556}") = "Byte.TalentScout.Infrastructure", "Byte.TalentScout.Infrastructure\Byte.TalentScout.Infrastructure.csproj", "{10EF4A41-0390-45F9-9EA6-335413A7C06A}"
EndProject
Project("{9A19103F-16F7-4668-BE54-9A1E7A4F7556}") = "Byte.TalentScout.Domain", "Byte.TalentScout.Domain\Byte.TalentScout.Domain.csproj", "{94A10E40-2E2E-41FD-A61E-49B225A246AA}"
EndProject
Project("{2150E333-8FDC-42A3-9474-1A3956D46DE8}") = "src", "src", "{41E05E02-58C8-4558-ABD6-253B45414A63}"
EndProject
Project("{2150E333-8FDC-42A3-9474-1A3956D46DE8}") = "Solution Items", "Solution Items", "{8C8A60D8-68ED-4D57-AADA-9ABD45CD25E8}"
EndProject
Project("{2150E333-8FDC-42A3-9474-1A3956D46DE8}") = "tests", "tests", "{52DC379A-E25C-4DEA-A046-FFF25C305F44}"
EndProject
Project("{2150E333-8FDC-42A3-9474-1A3956D46DE8}") = "Application", "Application", "{53868E71-54F8-4558-889F-4B0B3262696F}"
EndProject
Project("{2150E333-8FDC-42A3-9474-1A3956D46DE8}") = "Presentation", "Presentation", "{FCFDB4B3-42BB-421F-B929-ADFDF2C91970}"
EndProject
Project("{2150E333-8FDC-42A3-9474-1A3956D46DE8}") = "Domain", "Domain", "{3625A0F6-7DBC-470C-9962-E01C24BB3065}"
EndProject
Project("{2150E333-8FDC-42A3-9474-1A3956D46DE8}") = "Infrastructure", "Infrastructure", "{09061351-04D8-45F7-8085-5C43B5B45EFA}"
EndProject
Project("{2150E333-8FDC-42A3-9474-1A3956D46DE8}") = "DataAccess", "DataAccess", "{0F104804-78D7-41A4-847D-057BEA61D689}"
EndProject
Project("{9A19103F-16F7-4668-BE54-9A1E7A4F7556}") = "Byte.TalentScout.Database", "Byte.TalentScout.Database\Byte.TalentScout.Database.csproj", "{96C4F4C9-2C1E-4969-AAC3-0CBEDA918BD6}"
EndProject
Project("{9A19103F-16F7-4668-BE54-9A1E7A4F7556}") = "Byte.TalentScout.Application", "Byte.TalentScout.Application\Byte.TalentScout.Application.csproj", "{53244222-9201-4943-B0F6-5AE2A46FEE6A}"
EndProject
Project("{FAE04EC0-301F-11D3-BF4B-00C04F79EFBC}") = "Byte.TalentScout.Client", "Byte.TalentScout.Client\Byte.TalentScout.Client.csproj", "{39B5EA65-CDE4-4853-945E-F28FD25348CD}"
EndProject
Global
	GlobalSection(SolutionConfigurationPlatforms) = preSolution
		Debug|Any CPU = Debug|Any CPU
		Release|Any CPU = Release|Any CPU
	EndGlobalSection
	GlobalSection(ProjectConfigurationPlatforms) = postSolution
		{0A68DDF4-1F04-48C8-B47E-ECE9CACDD17C}.Debug|Any CPU.ActiveCfg = Debug|Any CPU
		{0A68DDF4-1F04-48C8-B47E-ECE9CACDD17C}.Debug|Any CPU.Build.0 = Debug|Any CPU
		{0A68DDF4-1F04-48C8-B47E-ECE9CACDD17C}.Release|Any CPU.ActiveCfg = Release|Any CPU
		{0A68DDF4-1F04-48C8-B47E-ECE9CACDD17C}.Release|Any CPU.Build.0 = Release|Any CPU
		{10EF4A41-0390-45F9-9EA6-335413A7C06A}.Debug|Any CPU.ActiveCfg = Debug|Any CPU
		{10EF4A41-0390-45F9-9EA6-335413A7C06A}.Debug|Any CPU.Build.0 = Debug|Any CPU
		{10EF4A41-0390-45F9-9EA6-335413A7C06A}.Release|Any CPU.ActiveCfg = Release|Any CPU
		{10EF4A41-0390-45F9-9EA6-335413A7C06A}.Release|Any CPU.Build.0 = Release|Any CPU
		{94A10E40-2E2E-41FD-A61E-49B225A246AA}.Debug|Any CPU.ActiveCfg = Debug|Any CPU
		{94A10E40-2E2E-41FD-A61E-49B225A246AA}.Debug|Any CPU.Build.0 = Debug|Any CPU
		{94A10E40-2E2E-41FD-A61E-49B225A246AA}.Release|Any CPU.ActiveCfg = Release|Any CPU
		{94A10E40-2E2E-41FD-A61E-49B225A246AA}.Release|Any CPU.Build.0 = Release|Any CPU
		{96C4F4C9-2C1E-4969-AAC3-0CBEDA918BD6}.Debug|Any CPU.ActiveCfg = Debug|Any CPU
		{96C4F4C9-2C1E-4969-AAC3-0CBEDA918BD6}.Debug|Any CPU.Build.0 = Debug|Any CPU
		{96C4F4C9-2C1E-4969-AAC3-0CBEDA918BD6}.Release|Any CPU.ActiveCfg = Release|Any CPU
		{96C4F4C9-2C1E-4969-AAC3-0CBEDA918BD6}.Release|Any CPU.Build.0 = Release|Any CPU
		{53244222-9201-4943-B0F6-5AE2A46FEE6A}.Debug|Any CPU.ActiveCfg = Debug|Any CPU
		{53244222-9201-4943-B0F6-5AE2A46FEE6A}.Debug|Any CPU.Build.0 = Debug|Any CPU
		{53244222-9201-4943-B0F6-5AE2A46FEE6A}.Release|Any CPU.ActiveCfg = Release|Any CPU
		{53244222-9201-4943-B0F6-5AE2A46FEE6A}.Release|Any CPU.Build.0 = Release|Any CPU
		{39B5EA65-CDE4-4853-945E-F28FD25348CD}.Debug|Any CPU.ActiveCfg = Debug|Any CPU
		{39B5EA65-CDE4-4853-945E-F28FD25348CD}.Debug|Any CPU.Build.0 = Debug|Any CPU
		{39B5EA65-CDE4-4853-945E-F28FD25348CD}.Release|Any CPU.ActiveCfg = Release|Any CPU
		{39B5EA65-CDE4-4853-945E-F28FD25348CD}.Release|Any CPU.Build.0 = Release|Any CPU
	EndGlobalSection
	GlobalSection(SolutionProperties) = preSolution
		HideSolutionNode = FALSE
	EndGlobalSection
	GlobalSection(NestedProjects) = preSolution
		{0A68DDF4-1F04-48C8-B47E-ECE9CACDD17C} = {53868E71-54F8-4558-889F-4B0B3262696F}
		{10EF4A41-0390-45F9-9EA6-335413A7C06A} = {09061351-04D8-45F7-8085-5C43B5B45EFA}
		{94A10E40-2E2E-41FD-A61E-49B225A246AA} = {3625A0F6-7DBC-470C-9962-E01C24BB3065}
		{53868E71-54F8-4558-889F-4B0B3262696F} = {41E05E02-58C8-4558-ABD6-253B45414A63}
		{FCFDB4B3-42BB-421F-B929-ADFDF2C91970} = {41E05E02-58C8-4558-ABD6-253B45414A63}
		{3625A0F6-7DBC-470C-9962-E01C24BB3065} = {41E05E02-58C8-4558-ABD6-253B45414A63}
		{09061351-04D8-45F7-8085-5C43B5B45EFA} = {41E05E02-58C8-4558-ABD6-253B45414A63}
		{0F104804-78D7-41A4-847D-057BEA61D689} = {41E05E02-58C8-4558-ABD6-253B45414A63}
		{96C4F4C9-2C1E-4969-AAC3-0CBEDA918BD6} = {0F104804-78D7-41A4-847D-057BEA61D689}
		{53244222-9201-4943-B0F6-5AE2A46FEE6A} = {53868E71-54F8-4558-889F-4B0B3262696F}
		{39B5EA65-CDE4-4853-945E-F28FD25348CD} = {FCFDB4B3-42BB-421F-B929-ADFDF2C91970}
	EndGlobalSection
	GlobalSection(ExtensibilityGlobals) = postSolution
		SolutionGuid = {B7AF0845-8038-4B4D-80C9-C00C0358449B}
	EndGlobalSection
EndGlobal
